{
  "nodes": {
    "nixpkgs": {
      "locked": {
        "lastModified": 1732572308,
        "narHash": "sha256-+HBffoSXLhuNJtjxHOZYIyY+PQirlwHKMrir+xIUu4A=",
        "owner": "nixos",
        "repo": "nixpkgs",
        "rev": "882842d2a908700540d206baa79efb922ac1c33d",
        "type": "github"
      },
      "original": {
        "owner": "nixos",
        "repo": "nixpkgs",
        "rev": "882842d2a908700540d206baa79efb922ac1c33d",
        "type": "github"
      }
    },
    "root": {
      "inputs": {
        "nixpkgs": "nixpkgs"
      }
    }
  },
  "root": "root",
  "version": 7
}
